
Microsoft Visual Studio Solution File, Format Version 12.00
# Visual Studio Version 17
VisualStudioVersion = 17.14.36804.6 d17.14
MinimumVisualStudioVersion = 10.0.40219.1
Project("{8BC9CEB8-8B4A-11D0-8D11-00A0C91BC942}") = "AuctionGameServer", "AuctionGameServer.vcxproj", "{627B04BA-D1D9-4571-BF2F-03CDD7C65716}"
EndProject
Global
	GlobalSection(SolutionConfigurationPlatforms) = preSolution
		Debug|x64 = Debug|x64
		Debug|x86 = Debug|x86
		Release|x64 = Release|x64
		Release|x86 = Release|x86
	EndGlobalSection
	GlobalSection(ProjectConfigurationPlatforms) = postSolution
		{627B04BA-D1D9-4571-BF2F-03CDD7C65716}.Debug|x64.ActiveCfg = Debug|x64
		{627B04BA-D1D9-4571-BF2F-03CDD7C65716}.Debug|x64.Build.0 = Debug|x64
		{627B04BA-D1D9-4571-BF2F-03CDD7C65716}.Debug|x86.ActiveCfg = Debug|Win32
		{627B04BA-D1D9-4571-BF2F-03CDD7C65716}.Debug|x86.Build.0 = Debug|Win32
		{627B04BA-D1D9-4571-BF2F-03CDD7C65716}.Release|x64.ActiveCfg = Release|x64
		{627B04BA-D1D9-4571-BF2F-03CDD7C65716}.Release|x64.Build.0 = Release|x64
		{627B04BA-D1D9-4571-BF2F-03CDD7C65716}.Release|x86.ActiveCfg = Release|Win32
		{627B04BA-D1D9-4571-BF2F-03CDD7C65716}.Release|x86.Build.0 = Release|Win32
	EndGlobalSection
	GlobalSection(SolutionProperties) = preSolution
		HideSolutionNode = FALSE
	EndGlobalSection
	GlobalSection(ExtensibilityGlobals) = postSolution
		SolutionGuid = {4FBBF91B-51E8-4945-8AD3-1E07D9D7C3F9}
	EndGlobalSection
EndGlobal
