<?xml version="1.0" encoding="utf-8"?>
<Project ToolsVersion="4.0" xmlns="http://schemas.microsoft.com/developer/msbuild/2003">
  <ItemGroup>
    <Filter Include="Contents">
      <UniqueIdentifier>{ecab1b3f-206a-41a4-b189-1b2cebd85b28}</UniqueIdentifier>
    </Filter>
    <Filter Include="Network">
      <UniqueIdentifier>{2c201ebc-83de-4fe3-9024-de467005f4c6}</UniqueIdentifier>
    </Filter>
    <Filter Include="Util">
      <UniqueIdentifier>{1b6fc0cc-641e-46fe-8b3a-946ac2d74f3f}</UniqueIdentifier>
    </Filter>
  </ItemGroup>
  <ItemGroup>
    <ClCompile Include="EchoServer.cpp">
      <Filter>Contents</Filter>
    </ClCompile>
    <ClCompile Include="main.cpp" />
    <ClCompile Include="Server.cpp">
      <Filter>Network</Filter>
    </ClCompile>
    <ClCompile Include="Session.cpp">
      <Filter>Network</Filter>
    </ClCompile>
    <ClCompile Include="RingBuffer.cpp">
      <Filter>Util</Filter>
    </ClCompile>
    <ClCompile Include="SerializationBuffer.cpp">
      <Filter>Util</Filter>
    </ClCompile>
    <ClCompile Include="TLSPool.h">
      <Filter>Util</Filter>
    </ClCompile>
  </ItemGroup>
  <ItemGroup>
    <ClInclude Include="EchoServer.h">
      <Filter>Contents</Filter>
    </ClInclude>
    <ClInclude Include="Server.h">
      <Filter>Network</Filter>
    </ClInclude>
    <ClInclude Include="Session.h">
      <Filter>Network</Filter>
    </ClInclude>
    <ClInclude Include="RingBuffer.h">
      <Filter>Util</Filter>
    </ClInclude>
    <ClInclude Include="SerializationBuffer.h">
      <Filter>Util</Filter>
    </ClInclude>
    <ClInclude Include="Protocol.h">
      <Filter>Network</Filter>
    </ClInclude>
    <ClInclude Include="ContentsProtocol.h">
      <Filter>Contents</Filter>
    </ClInclude>
  </ItemGroup>
</Project>